{
  "requires": true,
  "lockfileVersion": 1,
  "dependencies": {
    "sanitize.css": {
      "version": "8.0.0",
      "resolved": "https://registry.npmjs.org/sanitize.css/-/sanitize.css-8.0.0.tgz",
      "integrity": "sha512-Ru+piIyTyioaaOj/pbJEo57lMXV70FV07AslpZ8K2Me8B2021v2Nx0Wq5hf29/fNwdjsXLdTbf4Ypmk24PnPtQ=="
    }
  }
}
